
Microsoft Visual Studio Solution File, Format Version 12.00
# Visual Studio Version 17
VisualStudioVersion = 17.7.34031.279
MinimumVisualStudioVersion = 10.0.40219.1
Project("{8BC9CEB8-8B4A-11D0-8D11-00A0C91BC942}") = "Tugas Daftar Belanjaan", "Tugas Daftar Belanjaan\Tugas Daftar Belanjaan.vcxproj", "{0294398F-9BB4-4A0E-B715-646ADB56B207}"
EndProject
Global
	GlobalSection(SolutionConfigurationPlatforms) = preSolution
		Debug|x64 = Debug|x64
		Debug|x86 = Debug|x86
		Release|x64 = Release|x64
		Release|x86 = Release|x86
	EndGlobalSection
	GlobalSection(ProjectConfigurationPlatforms) = postSolution
		{0294398F-9BB4-4A0E-B715-646ADB56B207}.Debug|x64.ActiveCfg = Debug|x64
		{0294398F-9BB4-4A0E-B715-646ADB56B207}.Debug|x64.Build.0 = Debug|x64
		{0294398F-9BB4-4A0E-B715-646ADB56B207}.Debug|x86.ActiveCfg = Debug|Win32
		{0294398F-9BB4-4A0E-B715-646ADB56B207}.Debug|x86.Build.0 = Debug|Win32
		{0294398F-9BB4-4A0E-B715-646ADB56B207}.Release|x64.ActiveCfg = Release|x64
		{0294398F-9BB4-4A0E-B715-646ADB56B207}.Release|x64.Build.0 = Release|x64
		{0294398F-9BB4-4A0E-B715-646ADB56B207}.Release|x86.ActiveCfg = Release|Win32
		{0294398F-9BB4-4A0E-B715-646ADB56B207}.Release|x86.Build.0 = Release|Win32
	EndGlobalSection
	GlobalSection(SolutionProperties) = preSolution
		HideSolutionNode = FALSE
	EndGlobalSection
	GlobalSection(ExtensibilityGlobals) = postSolution
		SolutionGuid = {2183DE37-99A1-4794-9C0E-FA7C1BAD8F67}
	EndGlobalSection
EndGlobal
